// !$*UTF8*$!
{
	archiveVersion = 1;
	classes = {
	};
	objectVersion = 56;
	objects = {

/* Begin PBXBuildFile section */
		BF7630762B61428400E72E1C /* Launch Screen.storyboard in Resources */ = {isa = PBXBuildFile; fileRef = BF7630752B61428400E72E1C /* Launch Screen.storyboard */; };
		BF7630812B6177E200E72E1C /* PlaybookDemoApp.swift in Sources */ = {isa = PBXBuildFile; fileRef = BF7630802B6177E200E72E1C /* PlaybookDemoApp.swift */; };
		BF7630852B6177E300E72E1C /* Assets.xcassets in Resources */ = {isa = PBXBuildFile; fileRef = BF7630842B6177E300E72E1C /* Assets.xcassets */; };
		BF7630882B6177E300E72E1C /* Preview Assets.xcassets in Resources */ = {isa = PBXBuildFile; fileRef = BF7630872B6177E300E72E1C /* Preview Assets.xcassets */; };
		BF7630A92B61786C00E72E1C /* PlaybookFeature in Frameworks */ = {isa = PBXBuildFile; productRef = BF7630A82B61786C00E72E1C /* PlaybookFeature */; };
		BF7630AD2B62A96000E72E1C /* AppFeature in Embed Frameworks */ = {isa = PBXBuildFile; productRef = BF7BA0002B602B4600431F79 /* AppFeature */; settings = {ATTRIBUTES = (CodeSignOnCopy, ); }; };
		BF7630AF2B62AEFC00E72E1C /* PlaybookFeature in Embed Frameworks */ = {isa = PBXBuildFile; productRef = BF7630A82B61786C00E72E1C /* PlaybookFeature */; settings = {ATTRIBUTES = (CodeSignOnCopy, ); }; };
		BF7B9FD02B6020A700431F79 /* testApp.swift in Sources */ = {isa = PBXBuildFile; fileRef = BF7B9FCF2B6020A700431F79 /* testApp.swift */; };
		BF7B9FD62B6020A800431F79 /* Assets.xcassets in Resources */ = {isa = PBXBuildFile; fileRef = BF7B9FD52B6020A800431F79 /* Assets.xcassets */; };
		BF7B9FD92B6020A800431F79 /* Preview Assets.xcassets in Resources */ = {isa = PBXBuildFile; fileRef = BF7B9FD82B6020A800431F79 /* Preview Assets.xcassets */; };
		BF7B9FE42B6020A800431F79 /* testTests.swift in Sources */ = {isa = PBXBuildFile; fileRef = BF7B9FE32B6020A800431F79 /* testTests.swift */; };
		BF7B9FEE2B6020A800431F79 /* testUITests.swift in Sources */ = {isa = PBXBuildFile; fileRef = BF7B9FED2B6020A800431F79 /* testUITests.swift */; };
		BF7B9FF02B6020A800431F79 /* testUITestsLaunchTests.swift in Sources */ = {isa = PBXBuildFile; fileRef = BF7B9FEF2B6020A800431F79 /* testUITestsLaunchTests.swift */; };
		BF7BA0012B602B4600431F79 /* AppFeature in Frameworks */ = {isa = PBXBuildFile; productRef = BF7BA0002B602B4600431F79 /* AppFeature */; };
/* End PBXBuildFile section */

/* Begin PBXContainerItemProxy section */
		BF7B9FE02B6020A800431F79 /* PBXContainerItemProxy */ = {
			isa = PBXContainerItemProxy;
			containerPortal = BF7B9FC42B6020A600431F79 /* Project object */;
			proxyType = 1;
			remoteGlobalIDString = BF7B9FCB2B6020A600431F79;
			remoteInfo = test;
		};
		BF7B9FEA2B6020A800431F79 /* PBXContainerItemProxy */ = {
			isa = PBXContainerItemProxy;
			containerPortal = BF7B9FC42B6020A600431F79 /* Project object */;
			proxyType = 1;
			remoteGlobalIDString = BF7B9FCB2B6020A600431F79;
			remoteInfo = test;
		};
/* End PBXContainerItemProxy section */

/* Begin PBXCopyFilesBuildPhase section */
		BF7630AE2B62A96000E72E1C /* Embed Frameworks */ = {
			isa = PBXCopyFilesBuildPhase;
			buildActionMask = 2147483647;
			dstPath = "";
			dstSubfolderSpec = 10;
			files = (
				BF7630AD2B62A96000E72E1C /* AppFeature in Embed Frameworks */,
			);
			name = "Embed Frameworks";
			runOnlyForDeploymentPostprocessing = 0;
		};
		BF7630B02B62AEFC00E72E1C /* Embed Frameworks */ = {
			isa = PBXCopyFilesBuildPhase;
			buildActionMask = 2147483647;
			dstPath = "";
			dstSubfolderSpec = 10;
			files = (
				BF7630AF2B62AEFC00E72E1C /* PlaybookFeature in Embed Frameworks */,
			);
			name = "Embed Frameworks";
			runOnlyForDeploymentPostprocessing = 0;
		};
/* End PBXCopyFilesBuildPhase section */

/* Begin PBXFileReference section */
		BF7630752B61428400E72E1C /* Launch Screen.storyboard */ = {isa = PBXFileReference; lastKnownFileType = file.storyboard; path = "Launch Screen.storyboard"; sourceTree = "<group>"; };
		BF76307E2B6177E100E72E1C /* PlaybookDemo.app */ = {isa = PBXFileReference; explicitFileType = wrapper.application; includeInIndex = 0; path = PlaybookDemo.app; sourceTree = BUILT_PRODUCTS_DIR; };
		BF7630802B6177E200E72E1C /* PlaybookDemoApp.swift */ = {isa = PBXFileReference; lastKnownFileType = sourcecode.swift; path = PlaybookDemoApp.swift; sourceTree = "<group>"; };
		BF7630842B6177E300E72E1C /* Assets.xcassets */ = {isa = PBXFileReference; lastKnownFileType = folder.assetcatalog; path = Assets.xcassets; sourceTree = "<group>"; };
		BF7630872B6177E300E72E1C /* Preview Assets.xcassets */ = {isa = PBXFileReference; lastKnownFileType = folder.assetcatalog; path = "Preview Assets.xcassets"; sourceTree = "<group>"; };
		BF7B9FCC2B6020A600431F79 /* test.app */ = {isa = PBXFileReference; explicitFileType = wrapper.application; includeInIndex = 0; path = test.app; sourceTree = BUILT_PRODUCTS_DIR; };
		BF7B9FCF2B6020A700431F79 /* testApp.swift */ = {isa = PBXFileReference; lastKnownFileType = sourcecode.swift; path = testApp.swift; sourceTree = "<group>"; };
		BF7B9FD32B6020A700431F79 /* Item.swift */ = {isa = PBXFileReference; lastKnownFileType = sourcecode.swift; path = Item.swift; sourceTree = "<group>"; };
		BF7B9FD52B6020A800431F79 /* Assets.xcassets */ = {isa = PBXFileReference; lastKnownFileType = folder.assetcatalog; path = Assets.xcassets; sourceTree = "<group>"; };
		BF7B9FD82B6020A800431F79 /* Preview Assets.xcassets */ = {isa = PBXFileReference; lastKnownFileType = folder.assetcatalog; path = "Preview Assets.xcassets"; sourceTree = "<group>"; };
		BF7B9FDA2B6020A800431F79 /* test.entitlements */ = {isa = PBXFileReference; lastKnownFileType = text.plist.entitlements; path = test.entitlements; sourceTree = "<group>"; };
		BF7B9FDF2B6020A800431F79 /* testTests.xctest */ = {isa = PBXFileReference; explicitFileType = wrapper.cfbundle; includeInIndex = 0; path = testTests.xctest; sourceTree = BUILT_PRODUCTS_DIR; };
		BF7B9FE32B6020A800431F79 /* testTests.swift */ = {isa = PBXFileReference; lastKnownFileType = sourcecode.swift; path = testTests.swift; sourceTree = "<group>"; };
		BF7B9FE92B6020A800431F79 /* testUITests.xctest */ = {isa = PBXFileReference; explicitFileType = wrapper.cfbundle; includeInIndex = 0; path = testUITests.xctest; sourceTree = BUILT_PRODUCTS_DIR; };
		BF7B9FED2B6020A800431F79 /* testUITests.swift */ = {isa = PBXFileReference; lastKnownFileType = sourcecode.swift; path = testUITests.swift; sourceTree = "<group>"; };
		BF7B9FEF2B6020A800431F79 /* testUITestsLaunchTests.swift */ = {isa = PBXFileReference; lastKnownFileType = sourcecode.swift; path = testUITestsLaunchTests.swift; sourceTree = "<group>"; };
/* End PBXFileReference section */

/* Begin PBXFrameworksBuildPhase section */
		BF76307B2B6177E100E72E1C /* Frameworks */ = {
			isa = PBXFrameworksBuildPhase;
			buildActionMask = 2147483647;
			files = (
				BF7630A92B61786C00E72E1C /* PlaybookFeature in Frameworks */,
			);
			runOnlyForDeploymentPostprocessing = 0;
		};
		BF7B9FC92B6020A600431F79 /* Frameworks */ = {
			isa = PBXFrameworksBuildPhase;
			buildActionMask = 2147483647;
			files = (
				BF7BA0012B602B4600431F79 /* AppFeature in Frameworks */,
			);
			runOnlyForDeploymentPostprocessing = 0;
		};
		BF7B9FDC2B6020A800431F79 /* Frameworks */ = {
			isa = PBXFrameworksBuildPhase;
			buildActionMask = 2147483647;
			files = (
			);
			runOnlyForDeploymentPostprocessing = 0;
		};
		BF7B9FE62B6020A800431F79 /* Frameworks */ = {
			isa = PBXFrameworksBuildPhase;
			buildActionMask = 2147483647;
			files = (
			);
			runOnlyForDeploymentPostprocessing = 0;
		};
/* End PBXFrameworksBuildPhase section */

/* Begin PBXGroup section */
		BF76307F2B6177E200E72E1C /* PlaybookDemo */ = {
			isa = PBXGroup;
			children = (
				BF7630802B6177E200E72E1C /* PlaybookDemoApp.swift */,
				BF7630842B6177E300E72E1C /* Assets.xcassets */,
				BF7630862B6177E300E72E1C /* Preview Content */,
			);
			path = PlaybookDemo;
			sourceTree = "<group>";
		};
		BF7630862B6177E300E72E1C /* Preview Content */ = {
			isa = PBXGroup;
			children = (
				BF7630872B6177E300E72E1C /* Preview Assets.xcassets */,
			);
			path = "Preview Content";
			sourceTree = "<group>";
		};
		BF7B9FC32B6020A600431F79 = {
			isa = PBXGroup;
			children = (
				BF7630752B61428400E72E1C /* Launch Screen.storyboard */,
				BF7B9FCE2B6020A600431F79 /* test */,
				BF7B9FE22B6020A800431F79 /* testTests */,
				BF7B9FEC2B6020A800431F79 /* testUITests */,
				BF76307F2B6177E200E72E1C /* PlaybookDemo */,
				BF7B9FCD2B6020A600431F79 /* Products */,
				BF7B9FFF2B602B4600431F79 /* Frameworks */,
			);
			sourceTree = "<group>";
		};
		BF7B9FCD2B6020A600431F79 /* Products */ = {
			isa = PBXGroup;
			children = (
				BF7B9FCC2B6020A600431F79 /* test.app */,
				BF7B9FDF2B6020A800431F79 /* testTests.xctest */,
				BF7B9FE92B6020A800431F79 /* testUITests.xctest */,
				BF76307E2B6177E100E72E1C /* PlaybookDemo.app */,
			);
			name = Products;
			sourceTree = "<group>";
		};
		BF7B9FCE2B6020A600431F79 /* test */ = {
			isa = PBXGroup;
			children = (
				BF7B9FCF2B6020A700431F79 /* testApp.swift */,
				BF7B9FD32B6020A700431F79 /* Item.swift */,
				BF7B9FD52B6020A800431F79 /* Assets.xcassets */,
				BF7B9FDA2B6020A800431F79 /* test.entitlements */,
				BF7B9FD72B6020A800431F79 /* Preview Content */,
			);
			path = test;
			sourceTree = "<group>";
		};
		BF7B9FD72B6020A800431F79 /* Preview Content */ = {
			isa = PBXGroup;
			children = (
				BF7B9FD82B6020A800431F79 /* Preview Assets.xcassets */,
			);
			path = "Preview Content";
			sourceTree = "<group>";
		};
		BF7B9FE22B6020A800431F79 /* testTests */ = {
			isa = PBXGroup;
			children = (
				BF7B9FE32B6020A800431F79 /* testTests.swift */,
			);
			path = testTests;
			sourceTree = "<group>";
		};
		BF7B9FEC2B6020A800431F79 /* testUITests */ = {
			isa = PBXGroup;
			children = (
				BF7B9FED2B6020A800431F79 /* testUITests.swift */,
				BF7B9FEF2B6020A800431F79 /* testUITestsLaunchTests.swift */,
			);
			path = testUITests;
			sourceTree = "<group>";
		};
		BF7B9FFF2B602B4600431F79 /* Frameworks */ = {
			isa = PBXGroup;
			children = (
			);
			name = Frameworks;
			sourceTree = "<group>";
		};
/* End PBXGroup section */

/* Begin PBXNativeTarget section */
		BF76307D2B6177E100E72E1C /* PlaybookDemo */ = {
			isa = PBXNativeTarget;
			buildConfigurationList = BF76309F2B6177E500E72E1C /* Build configuration list for PBXNativeTarget "PlaybookDemo" */;
			buildPhases = (
				BF76307A2B6177E100E72E1C /* Sources */,
				BF76307B2B6177E100E72E1C /* Frameworks */,
				BF76307C2B6177E100E72E1C /* Resources */,
				BF7630B02B62AEFC00E72E1C /* Embed Frameworks */,
			);
			buildRules = (
			);
			dependencies = (
			);
			name = PlaybookDemo;
			packageProductDependencies = (
				BF7630A82B61786C00E72E1C /* PlaybookFeature */,
			);
			productName = PlaybookDemo;
			productReference = BF76307E2B6177E100E72E1C /* PlaybookDemo.app */;
			productType = "com.apple.product-type.application";
		};
		BF7B9FCB2B6020A600431F79 /* test */ = {
			isa = PBXNativeTarget;
			buildConfigurationList = BF7B9FF32B6020A800431F79 /* Build configuration list for PBXNativeTarget "test" */;
			buildPhases = (
				BF7B9FC82B6020A600431F79 /* Sources */,
				BF7B9FC92B6020A600431F79 /* Frameworks */,
				BF7B9FCA2B6020A600431F79 /* Resources */,
				BF7630AE2B62A96000E72E1C /* Embed Frameworks */,
			);
			buildRules = (
			);
			dependencies = (
			);
			name = test;
			packageProductDependencies = (
				BF7BA0002B602B4600431F79 /* AppFeature */,
			);
			productName = test;
			productReference = BF7B9FCC2B6020A600431F79 /* test.app */;
			productType = "com.apple.product-type.application";
		};
		BF7B9FDE2B6020A800431F79 /* testTests */ = {
			isa = PBXNativeTarget;
			buildConfigurationList = BF7B9FF62B6020A800431F79 /* Build configuration list for PBXNativeTarget "testTests" */;
			buildPhases = (
				BF7B9FDB2B6020A800431F79 /* Sources */,
				BF7B9FDC2B6020A800431F79 /* Frameworks */,
				BF7B9FDD2B6020A800431F79 /* Resources */,
			);
			buildRules = (
			);
			dependencies = (
				BF7B9FE12B6020A800431F79 /* PBXTargetDependency */,
			);
			name = testTests;
			productName = testTests;
			productReference = BF7B9FDF2B6020A800431F79 /* testTests.xctest */;
			productType = "com.apple.product-type.bundle.unit-test";
		};
		BF7B9FE82B6020A800431F79 /* testUITests */ = {
			isa = PBXNativeTarget;
			buildConfigurationList = BF7B9FF92B6020A800431F79 /* Build configuration list for PBXNativeTarget "testUITests" */;
			buildPhases = (
				BF7B9FE52B6020A800431F79 /* Sources */,
				BF7B9FE62B6020A800431F79 /* Frameworks */,
				BF7B9FE72B6020A800431F79 /* Resources */,
			);
			buildRules = (
			);
			dependencies = (
				BF7B9FEB2B6020A800431F79 /* PBXTargetDependency */,
			);
			name = testUITests;
			productName = testUITests;
			productReference = BF7B9FE92B6020A800431F79 /* testUITests.xctest */;
			productType = "com.apple.product-type.bundle.ui-testing";
		};
/* End PBXNativeTarget section */

/* Begin PBXProject section */
		BF7B9FC42B6020A600431F79 /* Project object */ = {
			isa = PBXProject;
			attributes = {
				BuildIndependentTargetsInParallel = 1;
				LastSwiftUpdateCheck = 1500;
				LastUpgradeCheck = 1500;
				TargetAttributes = {
					BF76307D2B6177E100E72E1C = {
						CreatedOnToolsVersion = 15.0.1;
					};
					BF7B9FCB2B6020A600431F79 = {
						CreatedOnToolsVersion = 15.0.1;
					};
					BF7B9FDE2B6020A800431F79 = {
						CreatedOnToolsVersion = 15.0.1;
						TestTargetID = BF7B9FCB2B6020A600431F79;
					};
					BF7B9FE82B6020A800431F79 = {
						CreatedOnToolsVersion = 15.0.1;
						TestTargetID = BF7B9FCB2B6020A600431F79;
					};
				};
			};
			buildConfigurationList = BF7B9FC72B6020A600431F79 /* Build configuration list for PBXProject "test" */;
			compatibilityVersion = "Xcode 14.0";
			developmentRegion = en;
			hasScannedForEncodings = 0;
			knownRegions = (
				en,
				Base,
			);
			mainGroup = BF7B9FC32B6020A600431F79;
			packageReferences = (
			);
			productRefGroup = BF7B9FCD2B6020A600431F79 /* Products */;
			projectDirPath = "";
			projectRoot = "";
			targets = (
				BF7B9FCB2B6020A600431F79 /* test */,
				BF7B9FDE2B6020A800431F79 /* testTests */,
				BF7B9FE82B6020A800431F79 /* testUITests */,
				BF76307D2B6177E100E72E1C /* PlaybookDemo */,
			);
		};
/* End PBXProject section */

/* Begin PBXResourcesBuildPhase section */
		BF76307C2B6177E100E72E1C /* Resources */ = {
			isa = PBXResourcesBuildPhase;
			buildActionMask = 2147483647;
			files = (
				BF7630882B6177E300E72E1C /* Preview Assets.xcassets in Resources */,
				BF7630852B6177E300E72E1C /* Assets.xcassets in Resources */,
			);
			runOnlyForDeploymentPostprocessing = 0;
		};
		BF7B9FCA2B6020A600431F79 /* Resources */ = {
			isa = PBXResourcesBuildPhase;
			buildActionMask = 2147483647;
			files = (
				BF7630762B61428400E72E1C /* Launch Screen.storyboard in Resources */,
				BF7B9FD92B6020A800431F79 /* Preview Assets.xcassets in Resources */,
				BF7B9FD62B6020A800431F79 /* Assets.xcassets in Resources */,
			);
			runOnlyForDeploymentPostprocessing = 0;
		};
		BF7B9FDD2B6020A800431F79 /* Resources */ = {
			isa = PBXResourcesBuildPhase;
			buildActionMask = 2147483647;
			files = (
			);
			runOnlyForDeploymentPostprocessing = 0;
		};
		BF7B9FE72B6020A800431F79 /* Resources */ = {
			isa = PBXResourcesBuildPhase;
			buildActionMask = 2147483647;
			files = (
			);
			runOnlyForDeploymentPostprocessing = 0;
		};
/* End PBXResourcesBuildPhase section */

/* Begin PBXSourcesBuildPhase section */
		BF76307A2B6177E100E72E1C /* Sources */ = {
			isa = PBXSourcesBuildPhase;
			buildActionMask = 2147483647;
			files = (
				BF7630812B6177E200E72E1C /* PlaybookDemoApp.swift in Sources */,
			);
			runOnlyForDeploymentPostprocessing = 0;
		};
		BF7B9FC82B6020A600431F79 /* Sources */ = {
			isa = PBXSourcesBuildPhase;
			buildActionMask = 2147483647;
			files = (
				BF7B9FD02B6020A700431F79 /* testApp.swift in Sources */,
			);
			runOnlyForDeploymentPostprocessing = 0;
		};
		BF7B9FDB2B6020A800431F79 /* Sources */ = {
			isa = PBXSourcesBuildPhase;
			buildActionMask = 2147483647;
			files = (
				BF7B9FE42B6020A800431F79 /* testTests.swift in Sources */,
			);
			runOnlyForDeploymentPostprocessing = 0;
		};
		BF7B9FE52B6020A800431F79 /* Sources */ = {
			isa = PBXSourcesBuildPhase;
			buildActionMask = 2147483647;
			files = (
				BF7B9FF02B6020A800431F79 /* testUITestsLaunchTests.swift in Sources */,
				BF7B9FEE2B6020A800431F79 /* testUITests.swift in Sources */,
			);
			runOnlyForDeploymentPostprocessing = 0;
		};
/* End PBXSourcesBuildPhase section */

/* Begin PBXTargetDependency section */
		BF7B9FE12B6020A800431F79 /* PBXTargetDependency */ = {
			isa = PBXTargetDependency;
			target = BF7B9FCB2B6020A600431F79 /* test */;
			targetProxy = BF7B9FE02B6020A800431F79 /* PBXContainerItemProxy */;
		};
		BF7B9FEB2B6020A800431F79 /* PBXTargetDependency */ = {
			isa = PBXTargetDependency;
			target = BF7B9FCB2B6020A600431F79 /* test */;
			targetProxy = BF7B9FEA2B6020A800431F79 /* PBXContainerItemProxy */;
		};
/* End PBXTargetDependency section */

/* Begin XCBuildConfiguration section */
		BF7630A02B6177E500E72E1C /* Debug */ = {
			isa = XCBuildConfiguration;
			buildSettings = {
				ASSETCATALOG_COMPILER_APPICON_NAME = AppIcon;
				ASSETCATALOG_COMPILER_GLOBAL_ACCENT_COLOR_NAME = AccentColor;
				CODE_SIGN_STYLE = Automatic;
				CURRENT_PROJECT_VERSION = 1;
				DEVELOPMENT_ASSET_PATHS = "\"PlaybookDemo/Preview Content\"";
				DEVELOPMENT_TEAM = 3QC6555YDF;
				ENABLE_PREVIEWS = YES;
				GENERATE_INFOPLIST_FILE = YES;
				INFOPLIST_KEY_UIApplicationSceneManifest_Generation = YES;
				INFOPLIST_KEY_UIApplicationSupportsIndirectInputEvents = YES;
				INFOPLIST_KEY_UILaunchScreen_Generation = YES;
				INFOPLIST_KEY_UISupportedInterfaceOrientations_iPad = "UIInterfaceOrientationPortrait UIInterfaceOrientationPortraitUpsideDown UIInterfaceOrientationLandscapeLeft UIInterfaceOrientationLandscapeRight";
				INFOPLIST_KEY_UISupportedInterfaceOrientations_iPhone = "UIInterfaceOrientationPortrait UIInterfaceOrientationLandscapeLeft UIInterfaceOrientationLandscapeRight";
				LD_RUNPATH_SEARCH_PATHS = (
					"$(inherited)",
					"@executable_path/Frameworks",
				);
				MARKETING_VERSION = 1.0;
				PRODUCT_BUNDLE_IDENTIFIER = com.arekbrodowski.PlaybookDemo;
				PRODUCT_NAME = "$(TARGET_NAME)";
				SWIFT_EMIT_LOC_STRINGS = YES;
				SWIFT_VERSION = 5.0;
				TARGETED_DEVICE_FAMILY = "1,2";
			};
			name = Debug;
		};
		BF7630A12B6177E500E72E1C /* Release */ = {
			isa = XCBuildConfiguration;
			buildSettings = {
				ASSETCATALOG_COMPILER_APPICON_NAME = AppIcon;
				ASSETCATALOG_COMPILER_GLOBAL_ACCENT_COLOR_NAME = AccentColor;
				CODE_SIGN_STYLE = Automatic;
				CURRENT_PROJECT_VERSION = 1;
				DEVELOPMENT_ASSET_PATHS = "\"PlaybookDemo/Preview Content\"";
				DEVELOPMENT_TEAM = 3QC6555YDF;
				ENABLE_PREVIEWS = YES;
				GENERATE_INFOPLIST_FILE = YES;
				INFOPLIST_KEY_UIApplicationSceneManifest_Generation = YES;
				INFOPLIST_KEY_UIApplicationSupportsIndirectInputEvents = YES;
				INFOPLIST_KEY_UILaunchScreen_Generation = YES;
				INFOPLIST_KEY_UISupportedInterfaceOrientations_iPad = "UIInterfaceOrientationPortrait UIInterfaceOrientationPortraitUpsideDown UIInterfaceOrientationLandscapeLeft UIInterfaceOrientationLandscapeRight";
				INFOPLIST_KEY_UISupportedInterfaceOrientations_iPhone = "UIInterfaceOrientationPortrait UIInterfaceOrientationLandscapeLeft UIInterfaceOrientationLandscapeRight";
				LD_RUNPATH_SEARCH_PATHS = (
					"$(inherited)",
					"@executable_path/Frameworks",
				);
				MARKETING_VERSION = 1.0;
				PRODUCT_BUNDLE_IDENTIFIER = com.arekbrodowski.PlaybookDemo;
				PRODUCT_NAME = "$(TARGET_NAME)";
				SWIFT_EMIT_LOC_STRINGS = YES;
				SWIFT_VERSION = 5.0;
				TARGETED_DEVICE_FAMILY = "1,2";
				VALIDATE_PRODUCT = YES;
			};
			name = Release;
		};
		BF7B9FF12B6020A800431F79 /* Debug */ = {
			isa = XCBuildConfiguration;
			buildSettings = {
				ALWAYS_SEARCH_USER_PATHS = NO;
				ASSETCATALOG_COMPILER_GENERATE_SWIFT_ASSET_SYMBOL_EXTENSIONS = YES;
				CLANG_ANALYZER_NONNULL = YES;
				CLANG_ANALYZER_NUMBER_OBJECT_CONVERSION = YES_AGGRESSIVE;
				CLANG_CXX_LANGUAGE_STANDARD = "gnu++20";
				CLANG_ENABLE_MODULES = YES;
				CLANG_ENABLE_OBJC_ARC = YES;
				CLANG_ENABLE_OBJC_WEAK = YES;
				CLANG_WARN_BLOCK_CAPTURE_AUTORELEASING = YES;
				CLANG_WARN_BOOL_CONVERSION = YES;
				CLANG_WARN_COMMA = YES;
				CLANG_WARN_CONSTANT_CONVERSION = YES;
				CLANG_WARN_DEPRECATED_OBJC_IMPLEMENTATIONS = YES;
				CLANG_WARN_DIRECT_OBJC_ISA_USAGE = YES_ERROR;
				CLANG_WARN_DOCUMENTATION_COMMENTS = YES;
				CLANG_WARN_EMPTY_BODY = YES;
				CLANG_WARN_ENUM_CONVERSION = YES;
				CLANG_WARN_INFINITE_RECURSION = YES;
				CLANG_WARN_INT_CONVERSION = YES;
				CLANG_WARN_NON_LITERAL_NULL_CONVERSION = YES;
				CLANG_WARN_OBJC_IMPLICIT_RETAIN_SELF = YES;
				CLANG_WARN_OBJC_LITERAL_CONVERSION = YES;
				CLANG_WARN_OBJC_ROOT_CLASS = YES_ERROR;
				CLANG_WARN_QUOTED_INCLUDE_IN_FRAMEWORK_HEADER = YES;
				CLANG_WARN_RANGE_LOOP_ANALYSIS = YES;
				CLANG_WARN_STRICT_PROTOTYPES = YES;
				CLANG_WARN_SUSPICIOUS_MOVE = YES;
				CLANG_WARN_UNGUARDED_AVAILABILITY = YES_AGGRESSIVE;
				CLANG_WARN_UNREACHABLE_CODE = YES;
				CLANG_WARN__DUPLICATE_METHOD_MATCH = YES;
				COPY_PHASE_STRIP = NO;
				DEBUG_INFORMATION_FORMAT = dwarf;
				ENABLE_STRICT_OBJC_MSGSEND = YES;
				ENABLE_TESTABILITY = YES;
				ENABLE_USER_SCRIPT_SANDBOXING = YES;
				GCC_C_LANGUAGE_STANDARD = gnu17;
				GCC_DYNAMIC_NO_PIC = NO;
				GCC_NO_COMMON_BLOCKS = YES;
				GCC_OPTIMIZATION_LEVEL = 0;
				GCC_PREPROCESSOR_DEFINITIONS = (
					"DEBUG=1",
					"$(inherited)",
				);
				GCC_WARN_64_TO_32_BIT_CONVERSION = YES;
				GCC_WARN_ABOUT_RETURN_TYPE = YES_ERROR;
				GCC_WARN_UNDECLARED_SELECTOR = YES;
				GCC_WARN_UNINITIALIZED_AUTOS = YES_AGGRESSIVE;
				GCC_WARN_UNUSED_FUNCTION = YES;
				GCC_WARN_UNUSED_VARIABLE = YES;
				IPHONEOS_DEPLOYMENT_TARGET = 17.0;
				LOCALIZATION_PREFERS_STRING_CATALOGS = YES;
				MACOSX_DEPLOYMENT_TARGET = 14.0;
				MTL_ENABLE_DEBUG_INFO = INCLUDE_SOURCE;
				MTL_FAST_MATH = YES;
				ONLY_ACTIVE_ARCH = YES;
				OTHER_LDFLAGS = (
					"-Xlinker",
					"-interposable",
				);
				SDKROOT = iphoneos;
				SWIFT_ACTIVE_COMPILATION_CONDITIONS = "DEBUG $(inherited)";
				SWIFT_OPTIMIZATION_LEVEL = "-Onone";
			};
			name = Debug;
		};
		BF7B9FF22B6020A800431F79 /* Release */ = {
			isa = XCBuildConfiguration;
			buildSettings = {
				ALWAYS_SEARCH_USER_PATHS = NO;
				ASSETCATALOG_COMPILER_GENERATE_SWIFT_ASSET_SYMBOL_EXTENSIONS = YES;
				CLANG_ANALYZER_NONNULL = YES;
				CLANG_ANALYZER_NUMBER_OBJECT_CONVERSION = YES_AGGRESSIVE;
				CLANG_CXX_LANGUAGE_STANDARD = "gnu++20";
				CLANG_ENABLE_MODULES = YES;
				CLANG_ENABLE_OBJC_ARC = YES;
				CLANG_ENABLE_OBJC_WEAK = YES;
				CLANG_WARN_BLOCK_CAPTURE_AUTORELEASING = YES;
				CLANG_WARN_BOOL_CONVERSION = YES;
				CLANG_WARN_COMMA = YES;
				CLANG_WARN_CONSTANT_CONVERSION = YES;
				CLANG_WARN_DEPRECATED_OBJC_IMPLEMENTATIONS = YES;
				CLANG_WARN_DIRECT_OBJC_ISA_USAGE = YES_ERROR;
				CLANG_WARN_DOCUMENTATION_COMMENTS = YES;
				CLANG_WARN_EMPTY_BODY = YES;
				CLANG_WARN_ENUM_CONVERSION = YES;
				CLANG_WARN_INFINITE_RECURSION = YES;
				CLANG_WARN_INT_CONVERSION = YES;
				CLANG_WARN_NON_LITERAL_NULL_CONVERSION = YES;
				CLANG_WARN_OBJC_IMPLICIT_RETAIN_SELF = YES;
				CLANG_WARN_OBJC_LITERAL_CONVERSION = YES;
				CLANG_WARN_OBJC_ROOT_CLASS = YES_ERROR;
				CLANG_WARN_QUOTED_INCLUDE_IN_FRAMEWORK_HEADER = YES;
				CLANG_WARN_RANGE_LOOP_ANALYSIS = YES;
				CLANG_WARN_STRICT_PROTOTYPES = YES;
				CLANG_WARN_SUSPICIOUS_MOVE = YES;
				CLANG_WARN_UNGUARDED_AVAILABILITY = YES_AGGRESSIVE;
				CLANG_WARN_UNREACHABLE_CODE = YES;
				CLANG_WARN__DUPLICATE_METHOD_MATCH = YES;
				COPY_PHASE_STRIP = NO;
				DEBUG_INFORMATION_FORMAT = "dwarf-with-dsym";
				ENABLE_NS_ASSERTIONS = NO;
				ENABLE_STRICT_OBJC_MSGSEND = YES;
				ENABLE_USER_SCRIPT_SANDBOXING = YES;
				GCC_C_LANGUAGE_STANDARD = gnu17;
				GCC_NO_COMMON_BLOCKS = YES;
				GCC_WARN_64_TO_32_BIT_CONVERSION = YES;
				GCC_WARN_ABOUT_RETURN_TYPE = YES_ERROR;
				GCC_WARN_UNDECLARED_SELECTOR = YES;
				GCC_WARN_UNINITIALIZED_AUTOS = YES_AGGRESSIVE;
				GCC_WARN_UNUSED_FUNCTION = YES;
				GCC_WARN_UNUSED_VARIABLE = YES;
				IPHONEOS_DEPLOYMENT_TARGET = 17.0;
				LOCALIZATION_PREFERS_STRING_CATALOGS = YES;
				MACOSX_DEPLOYMENT_TARGET = 14.0;
				MTL_ENABLE_DEBUG_INFO = NO;
				MTL_FAST_MATH = YES;
				SDKROOT = iphoneos;
				SWIFT_COMPILATION_MODE = wholemodule;
			};
			name = Release;
		};
		BF7B9FF42B6020A800431F79 /* Debug */ = {
			isa = XCBuildConfiguration;
			buildSettings = {
				ASSETCATALOG_COMPILER_APPICON_NAME = AppIcon;
				ASSETCATALOG_COMPILER_GLOBAL_ACCENT_COLOR_NAME = AccentColor;
				CODE_SIGN_ENTITLEMENTS = test/test.entitlements;
				CODE_SIGN_STYLE = Automatic;
				COMBINE_HIDPI_IMAGES = YES;
				CURRENT_PROJECT_VERSION = 1;
				DEVELOPMENT_ASSET_PATHS = "\"test/Preview Content\"";
				DEVELOPMENT_TEAM = 3QC6555YDF;
				ENABLE_HARDENED_RUNTIME = YES;
				ENABLE_PREVIEWS = YES;
				GENERATE_INFOPLIST_FILE = YES;
				INFOPLIST_KEY_NSHumanReadableCopyright = "";
				INFOPLIST_KEY_UILaunchStoryboardName = "Launch Screen.storyboard";
				INFOPLIST_KEY_UIRequiresFullScreen = NO;
				INFOPLIST_KEY_UIStatusBarHidden = NO;
				INFOPLIST_KEY_UISupportedInterfaceOrientations = UIInterfaceOrientationPortrait;
				LD_RUNPATH_SEARCH_PATHS = (
					"$(inherited)",
					"@executable_path/Frameworks",
				);
				MACOSX_DEPLOYMENT_TARGET = 14.0;
				MARKETING_VERSION = 1.0;
				PRODUCT_BUNDLE_IDENTIFIER = com.arekbrodowski.test;
				PRODUCT_NAME = "$(TARGET_NAME)";
				SUPPORTED_PLATFORMS = "iphoneos iphonesimulator";
				SUPPORTS_MACCATALYST = NO;
				SUPPORTS_MAC_DESIGNED_FOR_IPHONE_IPAD = NO;
				SWIFT_EMIT_LOC_STRINGS = YES;
				SWIFT_VERSION = 5.0;
				TARGETED_DEVICE_FAMILY = "1,2";
			};
			name = Debug;
		};
		BF7B9FF52B6020A800431F79 /* Release */ = {
			isa = XCBuildConfiguration;
			buildSettings = {
				ASSETCATALOG_COMPILER_APPICON_NAME = AppIcon;
				ASSETCATALOG_COMPILER_GLOBAL_ACCENT_COLOR_NAME = AccentColor;
				CODE_SIGN_ENTITLEMENTS = test/test.entitlements;
				CODE_SIGN_STYLE = Automatic;
				COMBINE_HIDPI_IMAGES = YES;
				CURRENT_PROJECT_VERSION = 1;
				DEVELOPMENT_ASSET_PATHS = "\"test/Preview Content\"";
				DEVELOPMENT_TEAM = 3QC6555YDF;
				ENABLE_HARDENED_RUNTIME = YES;
				ENABLE_PREVIEWS = YES;
				GENERATE_INFOPLIST_FILE = YES;
				INFOPLIST_KEY_NSHumanReadableCopyright = "";
				INFOPLIST_KEY_UILaunchStoryboardName = "Launch Screen.storyboard";
				INFOPLIST_KEY_UIRequiresFullScreen = NO;
				INFOPLIST_KEY_UIStatusBarHidden = NO;
				INFOPLIST_KEY_UISupportedInterfaceOrientations = UIInterfaceOrientationPortrait;
				LD_RUNPATH_SEARCH_PATHS = (
					"$(inherited)",
					"@executable_path/Frameworks",
				);
				MACOSX_DEPLOYMENT_TARGET = 14.0;
				MARKETING_VERSION = 1.0;
				PRODUCT_BUNDLE_IDENTIFIER = com.arekbrodowski.test;
				PRODUCT_NAME = "$(TARGET_NAME)";
				SUPPORTED_PLATFORMS = "iphoneos iphonesimulator";
				SUPPORTS_MACCATALYST = NO;
				SUPPORTS_MAC_DESIGNED_FOR_IPHONE_IPAD = NO;
				SWIFT_EMIT_LOC_STRINGS = YES;
				SWIFT_VERSION = 5.0;
				TARGETED_DEVICE_FAMILY = "1,2";
			};
			name = Release;
		};
		BF7B9FF72B6020A800431F79 /* Debug */ = {
			isa = XCBuildConfiguration;
			buildSettings = {
				ALWAYS_EMBED_SWIFT_STANDARD_LIBRARIES = YES;
				BUNDLE_LOADER = "$(TEST_HOST)";
				CODE_SIGN_STYLE = Automatic;
				CURRENT_PROJECT_VERSION = 1;
				DEVELOPMENT_TEAM = 3QC6555YDF;
				GENERATE_INFOPLIST_FILE = YES;
				MACOSX_DEPLOYMENT_TARGET = 14.0;
				MARKETING_VERSION = 1.0;
				PRODUCT_BUNDLE_IDENTIFIER = com.arekbrodowski.testTests;
				PRODUCT_NAME = "$(TARGET_NAME)";
				SWIFT_EMIT_LOC_STRINGS = NO;
				SWIFT_VERSION = 5.0;
				TEST_HOST = "$(BUILT_PRODUCTS_DIR)/test.app/$(BUNDLE_EXECUTABLE_FOLDER_PATH)/test";
			};
			name = Debug;
		};
		BF7B9FF82B6020A800431F79 /* Release */ = {
			isa = XCBuildConfiguration;
			buildSettings = {
				ALWAYS_EMBED_SWIFT_STANDARD_LIBRARIES = YES;
				BUNDLE_LOADER = "$(TEST_HOST)";
				CODE_SIGN_STYLE = Automatic;
				CURRENT_PROJECT_VERSION = 1;
				DEVELOPMENT_TEAM = 3QC6555YDF;
				GENERATE_INFOPLIST_FILE = YES;
				MACOSX_DEPLOYMENT_TARGET = 14.0;
				MARKETING_VERSION = 1.0;
				PRODUCT_BUNDLE_IDENTIFIER = com.arekbrodowski.testTests;
				PRODUCT_NAME = "$(TARGET_NAME)";
				SWIFT_EMIT_LOC_STRINGS = NO;
				SWIFT_VERSION = 5.0;
				TEST_HOST = "$(BUILT_PRODUCTS_DIR)/test.app/$(BUNDLE_EXECUTABLE_FOLDER_PATH)/test";
			};
			name = Release;
		};
		BF7B9FFA2B6020A800431F79 /* Debug */ = {
			isa = XCBuildConfiguration;
			buildSettings = {
				ALWAYS_EMBED_SWIFT_STANDARD_LIBRARIES = YES;
				CODE_SIGN_STYLE = Automatic;
				CURRENT_PROJECT_VERSION = 1;
				DEVELOPMENT_TEAM = 3QC6555YDF;
				GENERATE_INFOPLIST_FILE = YES;
				MARKETING_VERSION = 1.0;
				PRODUCT_BUNDLE_IDENTIFIER = com.arekbrodowski.testUITests;
				PRODUCT_NAME = "$(TARGET_NAME)";
				SWIFT_EMIT_LOC_STRINGS = NO;
				SWIFT_VERSION = 5.0;
				TEST_TARGET_NAME = test;
			};
			name = Debug;
		};
		BF7B9FFB2B6020A800431F79 /* Release */ = {
			isa = XCBuildConfiguration;
			buildSettings = {
				ALWAYS_EMBED_SWIFT_STANDARD_LIBRARIES = YES;
				CODE_SIGN_STYLE = Automatic;
				CURRENT_PROJECT_VERSION = 1;
				DEVELOPMENT_TEAM = 3QC6555YDF;
				GENERATE_INFOPLIST_FILE = YES;
				MARKETING_VERSION = 1.0;
				PRODUCT_BUNDLE_IDENTIFIER = com.arekbrodowski.testUITests;
				PRODUCT_NAME = "$(TARGET_NAME)";
				SWIFT_EMIT_LOC_STRINGS = NO;
				SWIFT_VERSION = 5.0;
				TEST_TARGET_NAME = test;
			};
			name = Release;
		};
/* End XCBuildConfiguration section */

/* Begin XCConfigurationList section */
		BF76309F2B6177E500E72E1C /* Build configuration list for PBXNativeTarget "PlaybookDemo" */ = {
			isa = XCConfigurationList;
			buildConfigurations = (
				BF7630A02B6177E500E72E1C /* Debug */,
				BF7630A12B6177E500E72E1C /* Release */,
			);
			defaultConfigurationIsVisible = 0;
			defaultConfigurationName = Release;
		};
		BF7B9FC72B6020A600431F79 /* Build configuration list for PBXProject "test" */ = {
			isa = XCConfigurationList;
			buildConfigurations = (
				BF7B9FF12B6020A800431F79 /* Debug */,
				BF7B9FF22B6020A800431F79 /* Release */,
			);
			defaultConfigurationIsVisible = 0;
			defaultConfigurationName = Release;
		};
		BF7B9FF32B6020A800431F79 /* Build configuration list for PBXNativeTarget "test" */ = {
			isa = XCConfigurationList;
			buildConfigurations = (
				BF7B9FF42B6020A800431F79 /* Debug */,
				BF7B9FF52B6020A800431F79 /* Release */,
			);
			defaultConfigurationIsVisible = 0;
			defaultConfigurationName = Release;
		};
		BF7B9FF62B6020A800431F79 /* Build configuration list for PBXNativeTarget "testTests" */ = {
			isa = XCConfigurationList;
			buildConfigurations = (
				BF7B9FF72B6020A800431F79 /* Debug */,
				BF7B9FF82B6020A800431F79 /* Release */,
			);
			defaultConfigurationIsVisible = 0;
			defaultConfigurationName = Release;
		};
		BF7B9FF92B6020A800431F79 /* Build configuration list for PBXNativeTarget "testUITests" */ = {
			isa = XCConfigurationList;
			buildConfigurations = (
				BF7B9FFA2B6020A800431F79 /* Debug */,
				BF7B9FFB2B6020A800431F79 /* Release */,
			);
			defaultConfigurationIsVisible = 0;
			defaultConfigurationName = Release;
		};
/* End XCConfigurationList section */

/* Begin XCSwiftPackageProductDependency section */
		BF7630A82B61786C00E72E1C /* PlaybookFeature */ = {
			isa = XCSwiftPackageProductDependency;
			productName = PlaybookFeature;
		};
		BF7BA0002B602B4600431F79 /* AppFeature */ = {
			isa = XCSwiftPackageProductDependency;
			productName = AppFeature;
		};
/* End XCSwiftPackageProductDependency section */
	};
	rootObject = BF7B9FC42B6020A600431F79 /* Project object */;
}
